
Microsoft Visual Studio Solution File, Format Version 12.00
# Visual Studio Version 17
VisualStudioVersion = 17.1.32228.430
MinimumVisualStudioVersion = 10.0.40219.1
Project("{FAE04EC0-301F-11D3-BF4B-00C04F79EFBC}") = "Mica VSCode", "Mica VSCode\Mica VSCode.csproj", "{B13356B4-9EB5-4758-B518-242261E13DD6}"
EndProject
Project("{9A19103F-16F7-4668-BE54-9A1E7A4F7556}") = "Mica Window", "Mica Window\Mica Window.csproj", "{42C7577A-F9A9-4CB0-8B32-3DA0B4DB3B63}"
EndProject
Global
	GlobalSection(SolutionConfigurationPlatforms) = preSolution
		Debug|Any CPU = Debug|Any CPU
		Release|Any CPU = Release|Any CPU
	EndGlobalSection
	GlobalSection(ProjectConfigurationPlatforms) = postSolution
		{B13356B4-9EB5-4758-B518-242261E13DD6}.Debug|Any CPU.ActiveCfg = Debug|Any CPU
		{B13356B4-9EB5-4758-B518-242261E13DD6}.Debug|Any CPU.Build.0 = Debug|Any CPU
		{B13356B4-9EB5-4758-B518-242261E13DD6}.Release|Any CPU.ActiveCfg = Release|Any CPU
		{B13356B4-9EB5-4758-B518-242261E13DD6}.Release|Any CPU.Build.0 = Release|Any CPU
		{42C7577A-F9A9-4CB0-8B32-3DA0B4DB3B63}.Debug|Any CPU.ActiveCfg = Debug|Any CPU
		{42C7577A-F9A9-4CB0-8B32-3DA0B4DB3B63}.Debug|Any CPU.Build.0 = Debug|Any CPU
		{42C7577A-F9A9-4CB0-8B32-3DA0B4DB3B63}.Release|Any CPU.ActiveCfg = Release|Any CPU
		{42C7577A-F9A9-4CB0-8B32-3DA0B4DB3B63}.Release|Any CPU.Build.0 = Release|Any CPU
	EndGlobalSection
	GlobalSection(SolutionProperties) = preSolution
		HideSolutionNode = FALSE
	EndGlobalSection
	GlobalSection(ExtensibilityGlobals) = postSolution
		SolutionGuid = {EB05FFF3-2714-4885-9F5C-30671C2183D2}
	EndGlobalSection
EndGlobal
